// !$*UTF8*$!
{
	archiveVersion = 1;
	classes = {
	};
	objectVersion = 46;
	objects = {

/* Begin PBXBuildFile section */
		F5B5DBB41BC22C2700A6C547 /* AppDelegate.swift in Sources */ = {isa = PBXBuildFile; fileRef = F5B5DBB31BC22C2700A6C547 /* AppDelegate.swift */; };
		F5B5DBB61BC22C2700A6C547 /* ViewController.swift in Sources */ = {isa = PBXBuildFile; fileRef = F5B5DBB51BC22C2700A6C547 /* ViewController.swift */; };
		F5B5DBB91BC22C2700A6C547 /* Main.storyboard in Resources */ = {isa = PBXBuildFile; fileRef = F5B5DBB71BC22C2700A6C547 /* Main.storyboard */; };
		F5B5DBBB1BC22C2700A6C547 /* Assets.xcassets in Resources */ = {isa = PBXBuildFile; fileRef = F5B5DBBA1BC22C2700A6C547 /* Assets.xcassets */; };
		F5B5DBBE1BC22C2700A6C547 /* LaunchScreen.storyboard in Resources */ = {isa = PBXBuildFile; fileRef = F5B5DBBC1BC22C2700A6C547 /* LaunchScreen.storyboard */; };
		F5B5DBC91BC22C2700A6C547 /* GlutenFreeBrewsTests.swift in Sources */ = {isa = PBXBuildFile; fileRef = F5B5DBC81BC22C2700A6C547 /* GlutenFreeBrewsTests.swift */; };
		F5B5DBD41BC22C2700A6C547 /* GlutenFreeBrewsUITests.swift in Sources */ = {isa = PBXBuildFile; fileRef = F5B5DBD31BC22C2700A6C547 /* GlutenFreeBrewsUITests.swift */; };
/* End PBXBuildFile section */

/* Begin PBXContainerItemProxy section */
		F5B5DBC51BC22C2700A6C547 /* PBXContainerItemProxy */ = {
			isa = PBXContainerItemProxy;
			containerPortal = F5B5DBA81BC22C2700A6C547 /* Project object */;
			proxyType = 1;
			remoteGlobalIDString = F5B5DBAF1BC22C2700A6C547;
			remoteInfo = GlutenFreeBrews;
		};
		F5B5DBD01BC22C2700A6C547 /* PBXContainerItemProxy */ = {
			isa = PBXContainerItemProxy;
			containerPortal = F5B5DBA81BC22C2700A6C547 /* Project object */;
			proxyType = 1;
			remoteGlobalIDString = F5B5DBAF1BC22C2700A6C547;
			remoteInfo = GlutenFreeBrews;
		};
/* End PBXContainerItemProxy section */

/* Begin PBXFileReference section */
		F5B5DBB01BC22C2700A6C547 /* GlutenFreeBrews.app */ = {isa = PBXFileReference; explicitFileType = wrapper.application; includeInIndex = 0; path = GlutenFreeBrews.app; sourceTree = BUILT_PRODUCTS_DIR; };
		F5B5DBB31BC22C2700A6C547 /* AppDelegate.swift */ = {isa = PBXFileReference; lastKnownFileType = sourcecode.swift; path = AppDelegate.swift; sourceTree = "<group>"; };
		F5B5DBB51BC22C2700A6C547 /* ViewController.swift */ = {isa = PBXFileReference; lastKnownFileType = sourcecode.swift; path = ViewController.swift; sourceTree = "<group>"; };
		F5B5DBB81BC22C2700A6C547 /* Base */ = {isa = PBXFileReference; lastKnownFileType = file.storyboard; name = Base; path = Base.lproj/Main.storyboard; sourceTree = "<group>"; };
		F5B5DBBA1BC22C2700A6C547 /* Assets.xcassets */ = {isa = PBXFileReference; lastKnownFileType = folder.assetcatalog; path = Assets.xcassets; sourceTree = "<group>"; };
		F5B5DBBD1BC22C2700A6C547 /* Base */ = {isa = PBXFileReference; lastKnownFileType = file.storyboard; name = Base; path = Base.lproj/LaunchScreen.storyboard; sourceTree = "<group>"; };
		F5B5DBBF1BC22C2700A6C547 /* Info.plist */ = {isa = PBXFileReference; lastKnownFileType = text.plist.xml; path = Info.plist; sourceTree = "<group>"; };
		F5B5DBC41BC22C2700A6C547 /* GlutenFreeBrewsTests.xctest */ = {isa = PBXFileReference; explicitFileType = wrapper.cfbundle; includeInIndex = 0; path = GlutenFreeBrewsTests.xctest; sourceTree = BUILT_PRODUCTS_DIR; };
		F5B5DBC81BC22C2700A6C547 /* GlutenFreeBrewsTests.swift */ = {isa = PBXFileReference; lastKnownFileType = sourcecode.swift; path = GlutenFreeBrewsTests.swift; sourceTree = "<group>"; };
		F5B5DBCA1BC22C2700A6C547 /* Info.plist */ = {isa = PBXFileReference; lastKnownFileType = text.plist.xml; path = Info.plist; sourceTree = "<group>"; };
		F5B5DBCF1BC22C2700A6C547 /* GlutenFreeBrewsUITests.xctest */ = {isa = PBXFileReference; explicitFileType = wrapper.cfbundle; includeInIndex = 0; path = GlutenFreeBrewsUITests.xctest; sourceTree = BUILT_PRODUCTS_DIR; };
		F5B5DBD31BC22C2700A6C547 /* GlutenFreeBrewsUITests.swift */ = {isa = PBXFileReference; lastKnownFileType = sourcecode.swift; path = GlutenFreeBrewsUITests.swift; sourceTree = "<group>"; };
		F5B5DBD51BC22C2700A6C547 /* Info.plist */ = {isa = PBXFileReference; lastKnownFileType = text.plist.xml; path = Info.plist; sourceTree = "<group>"; };
/* End PBXFileReference section */

/* Begin PBXFrameworksBuildPhase section */
		F5B5DBAD1BC22C2700A6C547 /* Frameworks */ = {
			isa = PBXFrameworksBuildPhase;
			buildActionMask = 2147483647;
			files = (
			);
			runOnlyForDeploymentPostprocessing = 0;
		};
		F5B5DBC11BC22C2700A6C547 /* Frameworks */ = {
			isa = PBXFrameworksBuildPhase;
			buildActionMask = 2147483647;
			files = (
			);
			runOnlyForDeploymentPostprocessing = 0;
		};
		F5B5DBCC1BC22C2700A6C547 /* Frameworks */ = {
			isa = PBXFrameworksBuildPhase;
			buildActionMask = 2147483647;
			files = (
			);
			runOnlyForDeploymentPostprocessing = 0;
		};
/* End PBXFrameworksBuildPhase section */

/* Begin PBXGroup section */
		F5B5DBA71BC22C2700A6C547 = {
			isa = PBXGroup;
			children = (
				F5B5DBB21BC22C2700A6C547 /* GlutenFreeBrews */,
				F5B5DBC71BC22C2700A6C547 /* GlutenFreeBrewsTests */,
				F5B5DBD21BC22C2700A6C547 /* GlutenFreeBrewsUITests */,
				F5B5DBB11BC22C2700A6C547 /* Products */,
			);
			sourceTree = "<group>";
		};
		F5B5DBB11BC22C2700A6C547 /* Products */ = {
			isa = PBXGroup;
			children = (
				F5B5DBB01BC22C2700A6C547 /* GlutenFreeBrews.app */,
				F5B5DBC41BC22C2700A6C547 /* GlutenFreeBrewsTests.xctest */,
				F5B5DBCF1BC22C2700A6C547 /* GlutenFreeBrewsUITests.xctest */,
			);
			name = Products;
			sourceTree = "<group>";
		};
		F5B5DBB21BC22C2700A6C547 /* GlutenFreeBrews */ = {
			isa = PBXGroup;
			children = (
				F5B5DBB31BC22C2700A6C547 /* AppDelegate.swift */,
				F5B5DBB51BC22C2700A6C547 /* ViewController.swift */,
				F5B5DBB71BC22C2700A6C547 /* Main.storyboard */,
				F5B5DBBA1BC22C2700A6C547 /* Assets.xcassets */,
				F5B5DBBC1BC22C2700A6C547 /* LaunchScreen.storyboard */,
				F5B5DBBF1BC22C2700A6C547 /* Info.plist */,
			);
			path = GlutenFreeBrews;
			sourceTree = "<group>";
		};
		F5B5DBC71BC22C2700A6C547 /* GlutenFreeBrewsTests */ = {
			isa = PBXGroup;
			children = (
				F5B5DBC81BC22C2700A6C547 /* GlutenFreeBrewsTests.swift */,
				F5B5DBCA1BC22C2700A6C547 /* Info.plist */,
			);
			path = GlutenFreeBrewsTests;
			sourceTree = "<group>";
		};
		F5B5DBD21BC22C2700A6C547 /* GlutenFreeBrewsUITests */ = {
			isa = PBXGroup;
			children = (
				F5B5DBD31BC22C2700A6C547 /* GlutenFreeBrewsUITests.swift */,
				F5B5DBD51BC22C2700A6C547 /* Info.plist */,
			);
			path = GlutenFreeBrewsUITests;
			sourceTree = "<group>";
		};
/* End PBXGroup section */

/* Begin PBXNativeTarget section */
		F5B5DBAF1BC22C2700A6C547 /* GlutenFreeBrews */ = {
			isa = PBXNativeTarget;
			buildConfigurationList = F5B5DBD81BC22C2700A6C547 /* Build configuration list for PBXNativeTarget "GlutenFreeBrews" */;
			buildPhases = (
				F5B5DBAC1BC22C2700A6C547 /* Sources */,
				F5B5DBAD1BC22C2700A6C547 /* Frameworks */,
				F5B5DBAE1BC22C2700A6C547 /* Resources */,
			);
			buildRules = (
			);
			dependencies = (
			);
			name = GlutenFreeBrews;
			productName = GlutenFreeBrews;
			productReference = F5B5DBB01BC22C2700A6C547 /* GlutenFreeBrews.app */;
			productType = "com.apple.product-type.application";
		};
		F5B5DBC31BC22C2700A6C547 /* GlutenFreeBrewsTests */ = {
			isa = PBXNativeTarget;
			buildConfigurationList = F5B5DBDB1BC22C2700A6C547 /* Build configuration list for PBXNativeTarget "GlutenFreeBrewsTests" */;
			buildPhases = (
				F5B5DBC01BC22C2700A6C547 /* Sources */,
				F5B5DBC11BC22C2700A6C547 /* Frameworks */,
				F5B5DBC21BC22C2700A6C547 /* Resources */,
			);
			buildRules = (
			);
			dependencies = (
				F5B5DBC61BC22C2700A6C547 /* PBXTargetDependency */,
			);
			name = GlutenFreeBrewsTests;
			productName = GlutenFreeBrewsTests;
			productReference = F5B5DBC41BC22C2700A6C547 /* GlutenFreeBrewsTests.xctest */;
			productType = "com.apple.product-type.bundle.unit-test";
		};
		F5B5DBCE1BC22C2700A6C547 /* GlutenFreeBrewsUITests */ = {
			isa = PBXNativeTarget;
			buildConfigurationList = F5B5DBDE1BC22C2700A6C547 /* Build configuration list for PBXNativeTarget "GlutenFreeBrewsUITests" */;
			buildPhases = (
				F5B5DBCB1BC22C2700A6C547 /* Sources */,
				F5B5DBCC1BC22C2700A6C547 /* Frameworks */,
				F5B5DBCD1BC22C2700A6C547 /* Resources */,
			);
			buildRules = (
			);
			dependencies = (
				F5B5DBD11BC22C2700A6C547 /* PBXTargetDependency */,
			);
			name = GlutenFreeBrewsUITests;
			productName = GlutenFreeBrewsUITests;
			productReference = F5B5DBCF1BC22C2700A6C547 /* GlutenFreeBrewsUITests.xctest */;
			productType = "com.apple.product-type.bundle.ui-testing";
		};
/* End PBXNativeTarget section */

/* Begin PBXProject section */
		F5B5DBA81BC22C2700A6C547 /* Project object */ = {
			isa = PBXProject;
			attributes = {
				LastUpgradeCheck = 0700;
				ORGANIZATIONNAME = "Sam Galizia";
				TargetAttributes = {
					F5B5DBAF1BC22C2700A6C547 = {
						CreatedOnToolsVersion = 7.0.1;
					};
					F5B5DBC31BC22C2700A6C547 = {
						CreatedOnToolsVersion = 7.0.1;
						TestTargetID = F5B5DBAF1BC22C2700A6C547;
					};
					F5B5DBCE1BC22C2700A6C547 = {
						CreatedOnToolsVersion = 7.0.1;
						TestTargetID = F5B5DBAF1BC22C2700A6C547;
					};
				};
			};
			buildConfigurationList = F5B5DBAB1BC22C2700A6C547 /* Build configuration list for PBXProject "GlutenFreeBrews" */;
			compatibilityVersion = "Xcode 3.2";
			developmentRegion = English;
			hasScannedForEncodings = 0;
			knownRegions = (
				en,
				Base,
			);
			mainGroup = F5B5DBA71BC22C2700A6C547;
			productRefGroup = F5B5DBB11BC22C2700A6C547 /* Products */;
			projectDirPath = "";
			projectRoot = "";
			targets = (
				F5B5DBAF1BC22C2700A6C547 /* GlutenFreeBrews */,
				F5B5DBC31BC22C2700A6C547 /* GlutenFreeBrewsTests */,
				F5B5DBCE1BC22C2700A6C547 /* GlutenFreeBrewsUITests */,
			);
		};
/* End PBXProject section */

/* Begin PBXResourcesBuildPhase section */
		F5B5DBAE1BC22C2700A6C547 /* Resources */ = {
			isa = PBXResourcesBuildPhase;
			buildActionMask = 2147483647;
			files = (
				F5B5DBBE1BC22C2700A6C547 /* LaunchScreen.storyboard in Resources */,
				F5B5DBBB1BC22C2700A6C547 /* Assets.xcassets in Resources */,
				F5B5DBB91BC22C2700A6C547 /* Main.storyboard in Resources */,
			);
			runOnlyForDeploymentPostprocessing = 0;
		};
		F5B5DBC21BC22C2700A6C547 /* Resources */ = {
			isa = PBXResourcesBuildPhase;
			buildActionMask = 2147483647;
			files = (
			);
			runOnlyForDeploymentPostprocessing = 0;
		};
		F5B5DBCD1BC22C2700A6C547 /* Resources */ = {
			isa = PBXResourcesBuildPhase;
			buildActionMask = 2147483647;
			files = (
			);
			runOnlyForDeploymentPostprocessing = 0;
		};
/* End PBXResourcesBuildPhase section */

/* Begin PBXSourcesBuildPhase section */
		F5B5DBAC1BC22C2700A6C547 /* Sources */ = {
			isa = PBXSourcesBuildPhase;
			buildActionMask = 2147483647;
			files = (
				F5B5DBB61BC22C2700A6C547 /* ViewController.swift in Sources */,
				F5B5DBB41BC22C2700A6C547 /* AppDelegate.swift in Sources */,
			);
			runOnlyForDeploymentPostprocessing = 0;
		};
		F5B5DBC01BC22C2700A6C547 /* Sources */ = {
			isa = PBXSourcesBuildPhase;
			buildActionMask = 2147483647;
			files = (
				F5B5DBC91BC22C2700A6C547 /* GlutenFreeBrewsTests.swift in Sources */,
			);
			runOnlyForDeploymentPostprocessing = 0;
		};
		F5B5DBCB1BC22C2700A6C547 /* Sources */ = {
			isa = PBXSourcesBuildPhase;
			buildActionMask = 2147483647;
			files = (
				F5B5DBD41BC22C2700A6C547 /* GlutenFreeBrewsUITests.swift in Sources */,
			);
			runOnlyForDeploymentPostprocessing = 0;
		};
/* End PBXSourcesBuildPhase section */

/* Begin PBXTargetDependency section */
		F5B5DBC61BC22C2700A6C547 /* PBXTargetDependency */ = {
			isa = PBXTargetDependency;
			target = F5B5DBAF1BC22C2700A6C547 /* GlutenFreeBrews */;
			targetProxy = F5B5DBC51BC22C2700A6C547 /* PBXContainerItemProxy */;
		};
		F5B5DBD11BC22C2700A6C547 /* PBXTargetDependency */ = {
			isa = PBXTargetDependency;
			target = F5B5DBAF1BC22C2700A6C547 /* GlutenFreeBrews */;
			targetProxy = F5B5DBD01BC22C2700A6C547 /* PBXContainerItemProxy */;
		};
/* End PBXTargetDependency section */

/* Begin PBXVariantGroup section */
		F5B5DBB71BC22C2700A6C547 /* Main.storyboard */ = {
			isa = PBXVariantGroup;
			children = (
				F5B5DBB81BC22C2700A6C547 /* Base */,
			);
			name = Main.storyboard;
			sourceTree = "<group>";
		};
		F5B5DBBC1BC22C2700A6C547 /* LaunchScreen.storyboard */ = {
			isa = PBXVariantGroup;
			children = (
				F5B5DBBD1BC22C2700A6C547 /* Base */,
			);
			name = LaunchScreen.storyboard;
			sourceTree = "<group>";
		};
/* End PBXVariantGroup section */

/* Begin XCBuildConfiguration section */
		F5B5DBD61BC22C2700A6C547 /* Debug */ = {
			isa = XCBuildConfiguration;
			buildSettings = {
				ALWAYS_SEARCH_USER_PATHS = NO;
				CLANG_CXX_LANGUAGE_STANDARD = "gnu++0x";
				CLANG_CXX_LIBRARY = "libc++";
				CLANG_ENABLE_MODULES = YES;
				CLANG_ENABLE_OBJC_ARC = YES;
				CLANG_WARN_BOOL_CONVERSION = YES;
				CLANG_WARN_CONSTANT_CONVERSION = YES;
				CLANG_WARN_DIRECT_OBJC_ISA_USAGE = YES_ERROR;
				CLANG_WARN_EMPTY_BODY = YES;
				CLANG_WARN_ENUM_CONVERSION = YES;
				CLANG_WARN_INT_CONVERSION = YES;
				CLANG_WARN_OBJC_ROOT_CLASS = YES_ERROR;
				CLANG_WARN_UNREACHABLE_CODE = YES;
				CLANG_WARN__DUPLICATE_METHOD_MATCH = YES;
				"CODE_SIGN_IDENTITY[sdk=iphoneos*]" = "iPhone Developer";
				COPY_PHASE_STRIP = NO;
				DEBUG_INFORMATION_FORMAT = dwarf;
				ENABLE_STRICT_OBJC_MSGSEND = YES;
				ENABLE_TESTABILITY = YES;
				GCC_C_LANGUAGE_STANDARD = gnu99;
				GCC_DYNAMIC_NO_PIC = NO;
				GCC_NO_COMMON_BLOCKS = YES;
				GCC_OPTIMIZATION_LEVEL = 0;
				GCC_PREPROCESSOR_DEFINITIONS = (
					"DEBUG=1",
					"$(inherited)",
				);
				GCC_WARN_64_TO_32_BIT_CONVERSION = YES;
				GCC_WARN_ABOUT_RETURN_TYPE = YES_ERROR;
				GCC_WARN_UNDECLARED_SELECTOR = YES;
				GCC_WARN_UNINITIALIZED_AUTOS = YES_AGGRESSIVE;
				GCC_WARN_UNUSED_FUNCTION = YES;
				GCC_WARN_UNUSED_VARIABLE = YES;
				IPHONEOS_DEPLOYMENT_TARGET = 9.0;
				MTL_ENABLE_DEBUG_INFO = YES;
				ONLY_ACTIVE_ARCH = YES;
				SDKROOT = iphoneos;
				SWIFT_OPTIMIZATION_LEVEL = "-Onone";
			};
			name = Debug;
		};
		F5B5DBD71BC22C2700A6C547 /* Release */ = {
			isa = XCBuildConfiguration;
			buildSettings = {
				ALWAYS_SEARCH_USER_PATHS = NO;
				CLANG_CXX_LANGUAGE_STANDARD = "gnu++0x";
				CLANG_CXX_LIBRARY = "libc++";
				CLANG_ENABLE_MODULES = YES;
				CLANG_ENABLE_OBJC_ARC = YES;
				CLANG_WARN_BOOL_CONVERSION = YES;
				CLANG_WARN_CONSTANT_CONVERSION = YES;
				CLANG_WARN_DIRECT_OBJC_ISA_USAGE = YES_ERROR;
				CLANG_WARN_EMPTY_BODY = YES;
				CLANG_WARN_ENUM_CONVERSION = YES;
				CLANG_WARN_INT_CONVERSION = YES;
				CLANG_WARN_OBJC_ROOT_CLASS = YES_ERROR;
				CLANG_WARN_UNREACHABLE_CODE = YES;
				CLANG_WARN__DUPLICATE_METHOD_MATCH = YES;
				"CODE_SIGN_IDENTITY[sdk=iphoneos*]" = "iPhone Developer";
				COPY_PHASE_STRIP = NO;
				DEBUG_INFORMATION_FORMAT = "dwarf-with-dsym";
				ENABLE_NS_ASSERTIONS = NO;
				ENABLE_STRICT_OBJC_MSGSEND = YES;
				GCC_C_LANGUAGE_STANDARD = gnu99;
				GCC_NO_COMMON_BLOCKS = YES;
				GCC_WARN_64_TO_32_BIT_CONVERSION = YES;
				GCC_WARN_ABOUT_RETURN_TYPE = YES_ERROR;
				GCC_WARN_UNDECLARED_SELECTOR = YES;
				GCC_WARN_UNINITIALIZED_AUTOS = YES_AGGRESSIVE;
				GCC_WARN_UNUSED_FUNCTION = YES;
				GCC_WARN_UNUSED_VARIABLE = YES;
				IPHONEOS_DEPLOYMENT_TARGET = 9.0;
				MTL_ENABLE_DEBUG_INFO = NO;
				SDKROOT = iphoneos;
				VALIDATE_PRODUCT = YES;
			};
			name = Release;
		};
		F5B5DBD91BC22C2700A6C547 /* Debug */ = {
			isa = XCBuildConfiguration;
			buildSettings = {
				ASSETCATALOG_COMPILER_APPICON_NAME = AppIcon;
				INFOPLIST_FILE = GlutenFreeBrews/Info.plist;
				LD_RUNPATH_SEARCH_PATHS = "$(inherited) @executable_path/Frameworks";
				PRODUCT_BUNDLE_IDENTIFIER = com.SamGalizia.GlutenFreeBrews;
				PRODUCT_NAME = "$(TARGET_NAME)";
			};
			name = Debug;
		};
		F5B5DBDA1BC22C2700A6C547 /* Release */ = {
			isa = XCBuildConfiguration;
			buildSettings = {
				ASSETCATALOG_COMPILER_APPICON_NAME = AppIcon;
				INFOPLIST_FILE = GlutenFreeBrews/Info.plist;
				LD_RUNPATH_SEARCH_PATHS = "$(inherited) @executable_path/Frameworks";
				PRODUCT_BUNDLE_IDENTIFIER = com.SamGalizia.GlutenFreeBrews;
				PRODUCT_NAME = "$(TARGET_NAME)";
			};
			name = Release;
		};
		F5B5DBDC1BC22C2700A6C547 /* Debug */ = {
			isa = XCBuildConfiguration;
			buildSettings = {
				BUNDLE_LOADER = "$(TEST_HOST)";
				INFOPLIST_FILE = GlutenFreeBrewsTests/Info.plist;
				LD_RUNPATH_SEARCH_PATHS = "$(inherited) @executable_path/Frameworks @loader_path/Frameworks";
				PRODUCT_BUNDLE_IDENTIFIER = com.SamGalizia.GlutenFreeBrewsTests;
				PRODUCT_NAME = "$(TARGET_NAME)";
				TEST_HOST = "$(BUILT_PRODUCTS_DIR)/GlutenFreeBrews.app/GlutenFreeBrews";
			};
			name = Debug;
		};
		F5B5DBDD1BC22C2700A6C547 /* Release */ = {
			isa = XCBuildConfiguration;
			buildSettings = {
				BUNDLE_LOADER = "$(TEST_HOST)";
				INFOPLIST_FILE = GlutenFreeBrewsTests/Info.plist;
				LD_RUNPATH_SEARCH_PATHS = "$(inherited) @executable_path/Frameworks @loader_path/Frameworks";
				PRODUCT_BUNDLE_IDENTIFIER = com.SamGalizia.GlutenFreeBrewsTests;
				PRODUCT_NAME = "$(TARGET_NAME)";
				TEST_HOST = "$(BUILT_PRODUCTS_DIR)/GlutenFreeBrews.app/GlutenFreeBrews";
			};
			name = Release;
		};
		F5B5DBDF1BC22C2700A6C547 /* Debug */ = {
			isa = XCBuildConfiguration;
			buildSettings = {
				INFOPLIST_FILE = GlutenFreeBrewsUITests/Info.plist;
				LD_RUNPATH_SEARCH_PATHS = "$(inherited) @executable_path/Frameworks @loader_path/Frameworks";
				PRODUCT_BUNDLE_IDENTIFIER = com.SamGalizia.GlutenFreeBrewsUITests;
				PRODUCT_NAME = "$(TARGET_NAME)";
				TEST_TARGET_NAME = GlutenFreeBrews;
				USES_XCTRUNNER = YES;
			};
			name = Debug;
		};
		F5B5DBE01BC22C2700A6C547 /* Release */ = {
			isa = XCBuildConfiguration;
			buildSettings = {
				INFOPLIST_FILE = GlutenFreeBrewsUITests/Info.plist;
				LD_RUNPATH_SEARCH_PATHS = "$(inherited) @executable_path/Frameworks @loader_path/Frameworks";
				PRODUCT_BUNDLE_IDENTIFIER = com.SamGalizia.GlutenFreeBrewsUITests;
				PRODUCT_NAME = "$(TARGET_NAME)";
				TEST_TARGET_NAME = GlutenFreeBrews;
				USES_XCTRUNNER = YES;
			};
			name = Release;
		};
/* End XCBuildConfiguration section */

/* Begin XCConfigurationList section */
		F5B5DBAB1BC22C2700A6C547 /* Build configuration list for PBXProject "GlutenFreeBrews" */ = {
			isa = XCConfigurationList;
			buildConfigurations = (
				F5B5DBD61BC22C2700A6C547 /* Debug */,
				F5B5DBD71BC22C2700A6C547 /* Release */,
			);
			defaultConfigurationIsVisible = 0;
			defaultConfigurationName = Release;
		};
		F5B5DBD81BC22C2700A6C547 /* Build configuration list for PBXNativeTarget "GlutenFreeBrews" */ = {
			isa = XCConfigurationList;
			buildConfigurations = (
				F5B5DBD91BC22C2700A6C547 /* Debug */,
				F5B5DBDA1BC22C2700A6C547 /* Release */,
			);
			defaultConfigurationIsVisible = 0;
		};
		F5B5DBDB1BC22C2700A6C547 /* Build configuration list for PBXNativeTarget "GlutenFreeBrewsTests" */ = {
			isa = XCConfigurationList;
			buildConfigurations = (
				F5B5DBDC1BC22C2700A6C547 /* Debug */,
				F5B5DBDD1BC22C2700A6C547 /* Release */,
			);
			defaultConfigurationIsVisible = 0;
		};
		F5B5DBDE1BC22C2700A6C547 /* Build configuration list for PBXNativeTarget "GlutenFreeBrewsUITests" */ = {
			isa = XCConfigurationList;
			buildConfigurations = (
				F5B5DBDF1BC22C2700A6C547 /* Debug */,
				F5B5DBE01BC22C2700A6C547 /* Release */,
			);
			defaultConfigurationIsVisible = 0;
		};
/* End XCConfigurationList section */
	};
	rootObject = F5B5DBA81BC22C2700A6C547 /* Project object */;
}
